
Microsoft Visual Studio Solution File, Format Version 12.00
# Visual Studio Version 16
VisualStudioVersion = 16.0.31729.503
MinimumVisualStudioVersion = 10.0.40219.1
Project("{FAE04EC0-301F-11D3-BF4B-00C04F79EFBC}") = "PaymentRuleEngine.Tests", "PaymentRuleEngine.Tests\PaymentRuleEngine.Tests.csproj", "{C0843378-9B60-4904-9D24-1CB9AA604C22}"
EndProject
Project("{FAE04EC0-301F-11D3-BF4B-00C04F79EFBC}") = "PaymentRuleEngine.App", "PaymentRuleEngine.App\PaymentRuleEngine.App.csproj", "{29ECE889-C5C3-4FF8-9B08-03AF3BD2F486}"
EndProject
Global
	GlobalSection(SolutionConfigurationPlatforms) = preSolution
		Debug|Any CPU = Debug|Any CPU
		Release|Any CPU = Release|Any CPU
	EndGlobalSection
	GlobalSection(ProjectConfigurationPlatforms) = postSolution
		{C0843378-9B60-4904-9D24-1CB9AA604C22}.Debug|Any CPU.ActiveCfg = Debug|Any CPU
		{C0843378-9B60-4904-9D24-1CB9AA604C22}.Debug|Any CPU.Build.0 = Debug|Any CPU
		{C0843378-9B60-4904-9D24-1CB9AA604C22}.Release|Any CPU.ActiveCfg = Release|Any CPU
		{C0843378-9B60-4904-9D24-1CB9AA604C22}.Release|Any CPU.Build.0 = Release|Any CPU
		{29ECE889-C5C3-4FF8-9B08-03AF3BD2F486}.Debug|Any CPU.ActiveCfg = Debug|Any CPU
		{29ECE889-C5C3-4FF8-9B08-03AF3BD2F486}.Debug|Any CPU.Build.0 = Debug|Any CPU
		{29ECE889-C5C3-4FF8-9B08-03AF3BD2F486}.Release|Any CPU.ActiveCfg = Release|Any CPU
		{29ECE889-C5C3-4FF8-9B08-03AF3BD2F486}.Release|Any CPU.Build.0 = Release|Any CPU
	EndGlobalSection
	GlobalSection(SolutionProperties) = preSolution
		HideSolutionNode = FALSE
	EndGlobalSection
	GlobalSection(ExtensibilityGlobals) = postSolution
		SolutionGuid = {BD7D3A00-5F52-49FF-B610-339F27B9A092}
	EndGlobalSection
EndGlobal
